
Microsoft Visual Studio Solution File, Format Version 12.00
# Visual Studio Version 17
VisualStudioVersion = 17.2.32616.157
MinimumVisualStudioVersion = 10.0.40219.1
Project("{FAE04EC0-301F-11D3-BF4B-00C04F79EFBC}") = "fence-coloring-c", "fence-coloring-c\fence-coloring-c.csproj", "{E2F576C1-B150-41DF-9B7B-B12ACF821EBB}"
EndProject
Global
	GlobalSection(SolutionConfigurationPlatforms) = preSolution
		Debug|Any CPU = Debug|Any CPU
		Release|Any CPU = Release|Any CPU
	EndGlobalSection
	GlobalSection(ProjectConfigurationPlatforms) = postSolution
		{E2F576C1-B150-41DF-9B7B-B12ACF821EBB}.Debug|Any CPU.ActiveCfg = Debug|Any CPU
		{E2F576C1-B150-41DF-9B7B-B12ACF821EBB}.Debug|Any CPU.Build.0 = Debug|Any CPU
		{E2F576C1-B150-41DF-9B7B-B12ACF821EBB}.Release|Any CPU.ActiveCfg = Release|Any CPU
		{E2F576C1-B150-41DF-9B7B-B12ACF821EBB}.Release|Any CPU.Build.0 = Release|Any CPU
	EndGlobalSection
	GlobalSection(SolutionProperties) = preSolution
		HideSolutionNode = FALSE
	EndGlobalSection
	GlobalSection(ExtensibilityGlobals) = postSolution
		SolutionGuid = {B7E93AA4-2BE4-4C63-AC21-51EC9550C09F}
	EndGlobalSection
EndGlobal
