
Microsoft Visual Studio Solution File, Format Version 12.00
# Visual Studio Version 17
VisualStudioVersion = 17.2.32616.157
MinimumVisualStudioVersion = 10.0.40219.1
Project("{FAE04EC0-301F-11D3-BF4B-00C04F79EFBC}") = "sea-battle", "sea-battle\sea-battle.csproj", "{78A582F1-5466-4226-B364-16B0C033E922}"
EndProject
Global
	GlobalSection(SolutionConfigurationPlatforms) = preSolution
		Debug|Any CPU = Debug|Any CPU
		Release|Any CPU = Release|Any CPU
	EndGlobalSection
	GlobalSection(ProjectConfigurationPlatforms) = postSolution
		{78A582F1-5466-4226-B364-16B0C033E922}.Debug|Any CPU.ActiveCfg = Debug|Any CPU
		{78A582F1-5466-4226-B364-16B0C033E922}.Debug|Any CPU.Build.0 = Debug|Any CPU
		{78A582F1-5466-4226-B364-16B0C033E922}.Release|Any CPU.ActiveCfg = Release|Any CPU
		{78A582F1-5466-4226-B364-16B0C033E922}.Release|Any CPU.Build.0 = Release|Any CPU
	EndGlobalSection
	GlobalSection(SolutionProperties) = preSolution
		HideSolutionNode = FALSE
	EndGlobalSection
	GlobalSection(ExtensibilityGlobals) = postSolution
		SolutionGuid = {F8CFB389-1538-47C8-B1BF-D7B218B6ED70}
	EndGlobalSection
EndGlobal
