
Microsoft Visual Studio Solution File, Format Version 12.00
# Visual Studio Version 17
VisualStudioVersion = 17.2.32616.157
MinimumVisualStudioVersion = 10.0.40219.1
Project("{9A19103F-16F7-4668-BE54-9A1E7A4F7556}") = "sentence-h", "sentence-h\sentence-h.csproj", "{8FE5B5BC-A970-4640-B538-4E305B2C6B42}"
EndProject
Project("{FAE04EC0-301F-11D3-BF4B-00C04F79EFBC}") = "sentence-h-tests", "sentence-h-tests\sentence-h-tests.csproj", "{5CA1D4A5-74B7-4B8E-A32A-CD0124074EA3}"
EndProject
Global
	GlobalSection(SolutionConfigurationPlatforms) = preSolution
		Debug|Any CPU = Debug|Any CPU
		Release|Any CPU = Release|Any CPU
	EndGlobalSection
	GlobalSection(ProjectConfigurationPlatforms) = postSolution
		{8FE5B5BC-A970-4640-B538-4E305B2C6B42}.Debug|Any CPU.ActiveCfg = Debug|Any CPU
		{8FE5B5BC-A970-4640-B538-4E305B2C6B42}.Debug|Any CPU.Build.0 = Debug|Any CPU
		{8FE5B5BC-A970-4640-B538-4E305B2C6B42}.Release|Any CPU.ActiveCfg = Release|Any CPU
		{8FE5B5BC-A970-4640-B538-4E305B2C6B42}.Release|Any CPU.Build.0 = Release|Any CPU
		{5CA1D4A5-74B7-4B8E-A32A-CD0124074EA3}.Debug|Any CPU.ActiveCfg = Debug|Any CPU
		{5CA1D4A5-74B7-4B8E-A32A-CD0124074EA3}.Debug|Any CPU.Build.0 = Debug|Any CPU
		{5CA1D4A5-74B7-4B8E-A32A-CD0124074EA3}.Release|Any CPU.ActiveCfg = Release|Any CPU
		{5CA1D4A5-74B7-4B8E-A32A-CD0124074EA3}.Release|Any CPU.Build.0 = Release|Any CPU
	EndGlobalSection
	GlobalSection(SolutionProperties) = preSolution
		HideSolutionNode = FALSE
	EndGlobalSection
	GlobalSection(ExtensibilityGlobals) = postSolution
		SolutionGuid = {932E993B-5EC7-4548-81E5-962CA1A5C65E}
	EndGlobalSection
EndGlobal
