
Microsoft Visual Studio Solution File, Format Version 12.00
# Visual Studio Version 17
VisualStudioVersion = 17.2.32616.157
MinimumVisualStudioVersion = 10.0.40219.1
Project("{9A19103F-16F7-4668-BE54-9A1E7A4F7556}") = "ThirdLab", "ThirdLab\ThirdLab.csproj", "{9004C9E2-1DC4-447A-B5FA-5ACBBABC30C4}"
EndProject
Project("{9A19103F-16F7-4668-BE54-9A1E7A4F7556}") = "PersonLibrary", "PersonLibrary\PersonLibrary.csproj", "{C7F1F3F4-38F9-44AB-8991-5AA857CFE767}"
EndProject
Project("{9A19103F-16F7-4668-BE54-9A1E7A4F7556}") = "StudentLibrary", "StudentLibrary\StudentLibrary.csproj", "{276AF4EE-24D0-4B3D-BD27-8C67851955E2}"
EndProject
Project("{FAE04EC0-301F-11D3-BF4B-00C04F79EFBC}") = "TeacherLibrary", "TeacherLibrary\TeacherLibrary.csproj", "{23D99890-5652-411C-AB1B-DFC1BD34EC8C}"
EndProject
Project("{FAE04EC0-301F-11D3-BF4B-00C04F79EFBC}") = "StudentWithAdvisorLibrary", "StudentWithAdvisorLibrary\StudentWithAdvisorLibrary.csproj", "{06F6E0C1-1C11-4639-8C2E-FAACD94030DD}"
EndProject
Global
	GlobalSection(SolutionConfigurationPlatforms) = preSolution
		Debug|Any CPU = Debug|Any CPU
		Release|Any CPU = Release|Any CPU
	EndGlobalSection
	GlobalSection(ProjectConfigurationPlatforms) = postSolution
		{9004C9E2-1DC4-447A-B5FA-5ACBBABC30C4}.Debug|Any CPU.ActiveCfg = Debug|Any CPU
		{9004C9E2-1DC4-447A-B5FA-5ACBBABC30C4}.Debug|Any CPU.Build.0 = Debug|Any CPU
		{9004C9E2-1DC4-447A-B5FA-5ACBBABC30C4}.Release|Any CPU.ActiveCfg = Release|Any CPU
		{9004C9E2-1DC4-447A-B5FA-5ACBBABC30C4}.Release|Any CPU.Build.0 = Release|Any CPU
		{C7F1F3F4-38F9-44AB-8991-5AA857CFE767}.Debug|Any CPU.ActiveCfg = Debug|Any CPU
		{C7F1F3F4-38F9-44AB-8991-5AA857CFE767}.Debug|Any CPU.Build.0 = Debug|Any CPU
		{C7F1F3F4-38F9-44AB-8991-5AA857CFE767}.Release|Any CPU.ActiveCfg = Release|Any CPU
		{C7F1F3F4-38F9-44AB-8991-5AA857CFE767}.Release|Any CPU.Build.0 = Release|Any CPU
		{276AF4EE-24D0-4B3D-BD27-8C67851955E2}.Debug|Any CPU.ActiveCfg = Debug|Any CPU
		{276AF4EE-24D0-4B3D-BD27-8C67851955E2}.Debug|Any CPU.Build.0 = Debug|Any CPU
		{276AF4EE-24D0-4B3D-BD27-8C67851955E2}.Release|Any CPU.ActiveCfg = Release|Any CPU
		{276AF4EE-24D0-4B3D-BD27-8C67851955E2}.Release|Any CPU.Build.0 = Release|Any CPU
		{23D99890-5652-411C-AB1B-DFC1BD34EC8C}.Debug|Any CPU.ActiveCfg = Debug|Any CPU
		{23D99890-5652-411C-AB1B-DFC1BD34EC8C}.Debug|Any CPU.Build.0 = Debug|Any CPU
		{23D99890-5652-411C-AB1B-DFC1BD34EC8C}.Release|Any CPU.ActiveCfg = Release|Any CPU
		{23D99890-5652-411C-AB1B-DFC1BD34EC8C}.Release|Any CPU.Build.0 = Release|Any CPU
		{06F6E0C1-1C11-4639-8C2E-FAACD94030DD}.Debug|Any CPU.ActiveCfg = Debug|Any CPU
		{06F6E0C1-1C11-4639-8C2E-FAACD94030DD}.Debug|Any CPU.Build.0 = Debug|Any CPU
		{06F6E0C1-1C11-4639-8C2E-FAACD94030DD}.Release|Any CPU.ActiveCfg = Release|Any CPU
		{06F6E0C1-1C11-4639-8C2E-FAACD94030DD}.Release|Any CPU.Build.0 = Release|Any CPU
	EndGlobalSection
	GlobalSection(SolutionProperties) = preSolution
		HideSolutionNode = FALSE
	EndGlobalSection
	GlobalSection(ExtensibilityGlobals) = postSolution
		SolutionGuid = {C5847AD8-8D2F-4C75-A898-2821F7F6FFA1}
	EndGlobalSection
EndGlobal
