
Microsoft Visual Studio Solution File, Format Version 12.00
# Visual Studio Version 17
VisualStudioVersion = 17.2.32616.157
MinimumVisualStudioVersion = 10.0.40219.1
Project("{FAE04EC0-301F-11D3-BF4B-00C04F79EFBC}") = "minesweeper-f", "minesweeper-f\minesweeper-f.csproj", "{D1628D23-21BF-464B-BAEA-C1A86DFD3A16}"
EndProject
Global
	GlobalSection(SolutionConfigurationPlatforms) = preSolution
		Debug|Any CPU = Debug|Any CPU
		Release|Any CPU = Release|Any CPU
	EndGlobalSection
	GlobalSection(ProjectConfigurationPlatforms) = postSolution
		{D1628D23-21BF-464B-BAEA-C1A86DFD3A16}.Debug|Any CPU.ActiveCfg = Debug|Any CPU
		{D1628D23-21BF-464B-BAEA-C1A86DFD3A16}.Debug|Any CPU.Build.0 = Debug|Any CPU
		{D1628D23-21BF-464B-BAEA-C1A86DFD3A16}.Release|Any CPU.ActiveCfg = Release|Any CPU
		{D1628D23-21BF-464B-BAEA-C1A86DFD3A16}.Release|Any CPU.Build.0 = Release|Any CPU
	EndGlobalSection
	GlobalSection(SolutionProperties) = preSolution
		HideSolutionNode = FALSE
	EndGlobalSection
	GlobalSection(ExtensibilityGlobals) = postSolution
		SolutionGuid = {C85AC5E9-5860-45DF-B991-13A679366314}
	EndGlobalSection
EndGlobal
