
Microsoft Visual Studio Solution File, Format Version 12.00
# Visual Studio Version 17
VisualStudioVersion = 17.4.33403.182
MinimumVisualStudioVersion = 10.0.40219.1
Project("{FAE04EC0-301F-11D3-BF4B-00C04F79EFBC}") = "TreasureSeeker", "TreasureSeeker\TreasureSeeker.csproj", "{607BEC4F-82F5-4525-92D9-FCE16618DA6C}"
EndProject
Global
	GlobalSection(SolutionConfigurationPlatforms) = preSolution
		Debug|Any CPU = Debug|Any CPU
		Release|Any CPU = Release|Any CPU
	EndGlobalSection
	GlobalSection(ProjectConfigurationPlatforms) = postSolution
		{607BEC4F-82F5-4525-92D9-FCE16618DA6C}.Debug|Any CPU.ActiveCfg = Debug|Any CPU
		{607BEC4F-82F5-4525-92D9-FCE16618DA6C}.Debug|Any CPU.Build.0 = Debug|Any CPU
		{607BEC4F-82F5-4525-92D9-FCE16618DA6C}.Release|Any CPU.ActiveCfg = Release|Any CPU
		{607BEC4F-82F5-4525-92D9-FCE16618DA6C}.Release|Any CPU.Build.0 = Release|Any CPU
	EndGlobalSection
	GlobalSection(SolutionProperties) = preSolution
		HideSolutionNode = FALSE
	EndGlobalSection
	GlobalSection(ExtensibilityGlobals) = postSolution
		SolutionGuid = {8E64C99A-36B9-4588-95B8-1C3780B3FAA1}
	EndGlobalSection
EndGlobal
