
Microsoft Visual Studio Solution File, Format Version 12.00
# Visual Studio Version 17
VisualStudioVersion = 17.2.32616.157
MinimumVisualStudioVersion = 10.0.40219.1
Project("{FAE04EC0-301F-11D3-BF4B-00C04F79EFBC}") = "crossing-words", "crossing-words\crossing-words.csproj", "{8871D7A7-2B85-400B-B7F3-F61CE98F128A}"
EndProject
Global
	GlobalSection(SolutionConfigurationPlatforms) = preSolution
		Debug|Any CPU = Debug|Any CPU
		Release|Any CPU = Release|Any CPU
	EndGlobalSection
	GlobalSection(ProjectConfigurationPlatforms) = postSolution
		{8871D7A7-2B85-400B-B7F3-F61CE98F128A}.Debug|Any CPU.ActiveCfg = Debug|Any CPU
		{8871D7A7-2B85-400B-B7F3-F61CE98F128A}.Debug|Any CPU.Build.0 = Debug|Any CPU
		{8871D7A7-2B85-400B-B7F3-F61CE98F128A}.Release|Any CPU.ActiveCfg = Release|Any CPU
		{8871D7A7-2B85-400B-B7F3-F61CE98F128A}.Release|Any CPU.Build.0 = Release|Any CPU
	EndGlobalSection
	GlobalSection(SolutionProperties) = preSolution
		HideSolutionNode = FALSE
	EndGlobalSection
	GlobalSection(ExtensibilityGlobals) = postSolution
		SolutionGuid = {5310A465-852E-488C-A516-8F65D634ED5A}
	EndGlobalSection
EndGlobal
