
Microsoft Visual Studio Solution File, Format Version 12.00
# Visual Studio Version 17
VisualStudioVersion = 17.2.32616.157
MinimumVisualStudioVersion = 10.0.40219.1
Project("{FAE04EC0-301F-11D3-BF4B-00C04F79EFBC}") = "lumberjacks-b", "lumberjacks-b\lumberjacks-b.csproj", "{D0EEA6B8-3804-48E0-847B-8FF0DC642DD2}"
EndProject
Global
	GlobalSection(SolutionConfigurationPlatforms) = preSolution
		Debug|Any CPU = Debug|Any CPU
		Release|Any CPU = Release|Any CPU
	EndGlobalSection
	GlobalSection(ProjectConfigurationPlatforms) = postSolution
		{D0EEA6B8-3804-48E0-847B-8FF0DC642DD2}.Debug|Any CPU.ActiveCfg = Debug|Any CPU
		{D0EEA6B8-3804-48E0-847B-8FF0DC642DD2}.Debug|Any CPU.Build.0 = Debug|Any CPU
		{D0EEA6B8-3804-48E0-847B-8FF0DC642DD2}.Release|Any CPU.ActiveCfg = Release|Any CPU
		{D0EEA6B8-3804-48E0-847B-8FF0DC642DD2}.Release|Any CPU.Build.0 = Release|Any CPU
	EndGlobalSection
	GlobalSection(SolutionProperties) = preSolution
		HideSolutionNode = FALSE
	EndGlobalSection
	GlobalSection(ExtensibilityGlobals) = postSolution
		SolutionGuid = {95E1B40C-9888-4A39-BD9A-2D2215E77061}
	EndGlobalSection
EndGlobal
