
Microsoft Visual Studio Solution File, Format Version 12.00
# Visual Studio Version 17
VisualStudioVersion = 17.2.32616.157
MinimumVisualStudioVersion = 10.0.40219.1
Project("{FAE04EC0-301F-11D3-BF4B-00C04F79EFBC}") = "guess-a", "guess-a\guess-a.csproj", "{7910B2ED-67CE-41A0-B620-BCEC36D7DA50}"
EndProject
Global
	GlobalSection(SolutionConfigurationPlatforms) = preSolution
		Debug|Any CPU = Debug|Any CPU
		Release|Any CPU = Release|Any CPU
	EndGlobalSection
	GlobalSection(ProjectConfigurationPlatforms) = postSolution
		{7910B2ED-67CE-41A0-B620-BCEC36D7DA50}.Debug|Any CPU.ActiveCfg = Debug|Any CPU
		{7910B2ED-67CE-41A0-B620-BCEC36D7DA50}.Debug|Any CPU.Build.0 = Debug|Any CPU
		{7910B2ED-67CE-41A0-B620-BCEC36D7DA50}.Release|Any CPU.ActiveCfg = Release|Any CPU
		{7910B2ED-67CE-41A0-B620-BCEC36D7DA50}.Release|Any CPU.Build.0 = Release|Any CPU
	EndGlobalSection
	GlobalSection(SolutionProperties) = preSolution
		HideSolutionNode = FALSE
	EndGlobalSection
	GlobalSection(ExtensibilityGlobals) = postSolution
		SolutionGuid = {65EFEA0D-7AC1-4C3E-A048-C13F2A00B10E}
	EndGlobalSection
EndGlobal
