
Microsoft Visual Studio Solution File, Format Version 12.00
# Visual Studio Version 17
VisualStudioVersion = 17.2.32616.157
MinimumVisualStudioVersion = 10.0.40219.1
Project("{9A19103F-16F7-4668-BE54-9A1E7A4F7556}") = "ProcessDiagnostics", "ProcessDiagnostics\ProcessDiagnostics.csproj", "{0ABF2270-7A13-405F-BB39-D240AF2BF753}"
EndProject
Project("{9A19103F-16F7-4668-BE54-9A1E7A4F7556}") = "ProcessDiagnostics.Library", "ProcessDiagnostics.Library\ProcessDiagnostics.Library.csproj", "{77DB32FD-200C-45B6-A55E-3C1ED4B97629}"
EndProject
Project("{2150E333-8FDC-42A3-9474-1A3956D46DE8}") = "Solution Items", "Solution Items", "{91740CCE-CFC9-4C35-91B1-811DCF15E8ED}"
	ProjectSection(SolutionItems) = preProject
		runinfo.xml = runinfo.xml
	EndProjectSection
EndProject
Global
	GlobalSection(SolutionConfigurationPlatforms) = preSolution
		Debug|Any CPU = Debug|Any CPU
		Release|Any CPU = Release|Any CPU
	EndGlobalSection
	GlobalSection(ProjectConfigurationPlatforms) = postSolution
		{0ABF2270-7A13-405F-BB39-D240AF2BF753}.Debug|Any CPU.ActiveCfg = Debug|Any CPU
		{0ABF2270-7A13-405F-BB39-D240AF2BF753}.Debug|Any CPU.Build.0 = Debug|Any CPU
		{0ABF2270-7A13-405F-BB39-D240AF2BF753}.Release|Any CPU.ActiveCfg = Release|Any CPU
		{0ABF2270-7A13-405F-BB39-D240AF2BF753}.Release|Any CPU.Build.0 = Release|Any CPU
		{77DB32FD-200C-45B6-A55E-3C1ED4B97629}.Debug|Any CPU.ActiveCfg = Debug|Any CPU
		{77DB32FD-200C-45B6-A55E-3C1ED4B97629}.Debug|Any CPU.Build.0 = Debug|Any CPU
		{77DB32FD-200C-45B6-A55E-3C1ED4B97629}.Release|Any CPU.ActiveCfg = Release|Any CPU
		{77DB32FD-200C-45B6-A55E-3C1ED4B97629}.Release|Any CPU.Build.0 = Release|Any CPU
	EndGlobalSection
	GlobalSection(SolutionProperties) = preSolution
		HideSolutionNode = FALSE
	EndGlobalSection
	GlobalSection(ExtensibilityGlobals) = postSolution
		SolutionGuid = {B2D635E7-27A5-4715-BF7B-F13E8D7C0623}
	EndGlobalSection
EndGlobal
