
Microsoft Visual Studio Solution File, Format Version 12.00
# Visual Studio Version 17
VisualStudioVersion = 17.2.32616.157
MinimumVisualStudioVersion = 10.0.40219.1
Project("{FAE04EC0-301F-11D3-BF4B-00C04F79EFBC}") = "parity-a", "parity-a\parity-a.csproj", "{C38E868D-10C5-4086-BD13-30053A0D4F20}"
EndProject
Global
	GlobalSection(SolutionConfigurationPlatforms) = preSolution
		Debug|Any CPU = Debug|Any CPU
		Release|Any CPU = Release|Any CPU
	EndGlobalSection
	GlobalSection(ProjectConfigurationPlatforms) = postSolution
		{C38E868D-10C5-4086-BD13-30053A0D4F20}.Debug|Any CPU.ActiveCfg = Debug|Any CPU
		{C38E868D-10C5-4086-BD13-30053A0D4F20}.Debug|Any CPU.Build.0 = Debug|Any CPU
		{C38E868D-10C5-4086-BD13-30053A0D4F20}.Release|Any CPU.ActiveCfg = Release|Any CPU
		{C38E868D-10C5-4086-BD13-30053A0D4F20}.Release|Any CPU.Build.0 = Release|Any CPU
	EndGlobalSection
	GlobalSection(SolutionProperties) = preSolution
		HideSolutionNode = FALSE
	EndGlobalSection
	GlobalSection(ExtensibilityGlobals) = postSolution
		SolutionGuid = {60833EDF-9D76-41B6-BE2C-A3721DCC8828}
	EndGlobalSection
EndGlobal
